
Microsoft Visual Studio Solution File, Format Version 12.00
# Visual Studio Version 16
VisualStudioVersion = 16.0.30804.86
MinimumVisualStudioVersion = 10.0.40219.1
Project("{FAE04EC0-301F-11D3-BF4B-00C04F79EFBC}") = "Keystrokes", "Keystrokes.csproj", "{47FFBA9B-EBD9-42CD-A533-6C2376239F0A}"
EndProject
Global
	GlobalSection(SolutionConfigurationPlatforms) = preSolution
		Debug|Any CPU = Debug|Any CPU
		Release|Any CPU = Release|Any CPU
	EndGlobalSection
	GlobalSection(ProjectConfigurationPlatforms) = postSolution
		{47FFBA9B-EBD9-42CD-A533-6C2376239F0A}.Debug|Any CPU.ActiveCfg = Debug|Any CPU
		{47FFBA9B-EBD9-42CD-A533-6C2376239F0A}.Debug|Any CPU.Build.0 = Debug|Any CPU
		{47FFBA9B-EBD9-42CD-A533-6C2376239F0A}.Release|Any CPU.ActiveCfg = Release|Any CPU
		{47FFBA9B-EBD9-42CD-A533-6C2376239F0A}.Release|Any CPU.Build.0 = Release|Any CPU
	EndGlobalSection
	GlobalSection(SolutionProperties) = preSolution
		HideSolutionNode = FALSE
	EndGlobalSection
	GlobalSection(ExtensibilityGlobals) = postSolution
		SolutionGuid = {CF5B7749-752C-4AC6-953D-1A999E88D09D}
	EndGlobalSection
EndGlobal
